
Microsoft Visual Studio Solution File, Format Version 12.00
# Visual Studio Version 16
VisualStudioVersion = 16.0.32630.194
MinimumVisualStudioVersion = 10.0.40219.1
Project("{FAE04EC0-301F-11D3-BF4B-00C04F79EFBC}") = "practicaUno", "practicaUno\practicaUno.csproj", "{EEDF0959-5C9F-408B-B5D9-666BF5243229}"
EndProject
Global
	GlobalSection(SolutionConfigurationPlatforms) = preSolution
		Debug|Any CPU = Debug|Any CPU
		Release|Any CPU = Release|Any CPU
	EndGlobalSection
	GlobalSection(ProjectConfigurationPlatforms) = postSolution
		{EEDF0959-5C9F-408B-B5D9-666BF5243229}.Debug|Any CPU.ActiveCfg = Debug|Any CPU
		{EEDF0959-5C9F-408B-B5D9-666BF5243229}.Debug|Any CPU.Build.0 = Debug|Any CPU
		{EEDF0959-5C9F-408B-B5D9-666BF5243229}.Release|Any CPU.ActiveCfg = Release|Any CPU
		{EEDF0959-5C9F-408B-B5D9-666BF5243229}.Release|Any CPU.Build.0 = Release|Any CPU
	EndGlobalSection
	GlobalSection(SolutionProperties) = preSolution
		HideSolutionNode = FALSE
	EndGlobalSection
	GlobalSection(ExtensibilityGlobals) = postSolution
		SolutionGuid = {730804C6-22AA-4CBF-8345-76E7F8185984}
	EndGlobalSection
EndGlobal
